
Microsoft Visual Studio Solution File, Format Version 12.00
# Visual Studio Version 16
VisualStudioVersion = 16.0.31410.357
MinimumVisualStudioVersion = 10.0.40219.1
Project("{9A19103F-16F7-4668-BE54-9A1E7A4F7556}") = "EcommerceSite", "EcommerceSite\EcommerceSite.csproj", "{648C8066-10D8-4746-8B4C-41C15F518DB7}"
EndProject
Project("{FAE04EC0-301F-11D3-BF4B-00C04F79EFBC}") = "AuthServer", "AuthServer\AuthServer.csproj", "{AB992357-4E75-4CF9-8C25-70A2F488C73F}"
EndProject
Global
	GlobalSection(SolutionConfigurationPlatforms) = preSolution
		Debug|Any CPU = Debug|Any CPU
		Release|Any CPU = Release|Any CPU
	EndGlobalSection
	GlobalSection(ProjectConfigurationPlatforms) = postSolution
		{648C8066-10D8-4746-8B4C-41C15F518DB7}.Debug|Any CPU.ActiveCfg = Debug|Any CPU
		{648C8066-10D8-4746-8B4C-41C15F518DB7}.Debug|Any CPU.Build.0 = Debug|Any CPU
		{648C8066-10D8-4746-8B4C-41C15F518DB7}.Release|Any CPU.ActiveCfg = Release|Any CPU
		{648C8066-10D8-4746-8B4C-41C15F518DB7}.Release|Any CPU.Build.0 = Release|Any CPU
		{AB992357-4E75-4CF9-8C25-70A2F488C73F}.Debug|Any CPU.ActiveCfg = Debug|Any CPU
		{AB992357-4E75-4CF9-8C25-70A2F488C73F}.Debug|Any CPU.Build.0 = Debug|Any CPU
		{AB992357-4E75-4CF9-8C25-70A2F488C73F}.Release|Any CPU.ActiveCfg = Release|Any CPU
		{AB992357-4E75-4CF9-8C25-70A2F488C73F}.Release|Any CPU.Build.0 = Release|Any CPU
	EndGlobalSection
	GlobalSection(SolutionProperties) = preSolution
		HideSolutionNode = FALSE
	EndGlobalSection
	GlobalSection(ExtensibilityGlobals) = postSolution
		SolutionGuid = {E5A5DC68-D835-4ABA-AB56-5BAD9CA7801A}
	EndGlobalSection
EndGlobal
